
Microsoft Visual Studio Solution File, Format Version 12.00
# Visual Studio Version 17
VisualStudioVersion = 17.7.34031.279
MinimumVisualStudioVersion = 10.0.40219.1
Project("{9A19103F-16F7-4668-BE54-9A1E7A4F7556}") = "LW1", "LW1\LW1.csproj", "{E2B26BE4-BF3A-4C2F-B1A4-E4B7B2E16771}"
EndProject
Project("{9A19103F-16F7-4668-BE54-9A1E7A4F7556}") = "LW2", "LW2\LW2.csproj", "{72C2492E-2B8D-4E4E-8668-3D7C13EA17EA}"
EndProject
Project("{FAE04EC0-301F-11D3-BF4B-00C04F79EFBC}") = "LW3", "LW3\LW3.csproj", "{03F5B512-0BE4-4225-9FB4-B6F42D34C85F}"
EndProject
Project("{FAE04EC0-301F-11D3-BF4B-00C04F79EFBC}") = "Core", "Core\Core.csproj", "{49A96877-5D44-45CC-86A1-3C3B5C18BDA7}"
EndProject
Project("{FAE04EC0-301F-11D3-BF4B-00C04F79EFBC}") = "LW4", "LW4\LW4.csproj", "{12789713-C65E-4FBB-BD15-DEE662D5FD0F}"
EndProject
Project("{FAE04EC0-301F-11D3-BF4B-00C04F79EFBC}") = "LW7", "LW7\LW7.csproj", "{B2A44D8E-6501-4845-A6F7-309BA6C843D4}"
EndProject
Project("{FAE04EC0-301F-11D3-BF4B-00C04F79EFBC}") = "LW8", "LW8\LW8.csproj", "{77682489-0DC8-4910-A008-D20845DA93A8}"
EndProject
Project("{FAE04EC0-301F-11D3-BF4B-00C04F79EFBC}") = "LW9", "LW9\LW9.csproj", "{D15C9764-2DAE-454D-8DF6-34DB672BDCF3}"
EndProject
Global
	GlobalSection(SolutionConfigurationPlatforms) = preSolution
		Debug|Any CPU = Debug|Any CPU
		Release|Any CPU = Release|Any CPU
	EndGlobalSection
	GlobalSection(ProjectConfigurationPlatforms) = postSolution
		{E2B26BE4-BF3A-4C2F-B1A4-E4B7B2E16771}.Debug|Any CPU.ActiveCfg = Debug|Any CPU
		{E2B26BE4-BF3A-4C2F-B1A4-E4B7B2E16771}.Debug|Any CPU.Build.0 = Debug|Any CPU
		{E2B26BE4-BF3A-4C2F-B1A4-E4B7B2E16771}.Release|Any CPU.ActiveCfg = Release|Any CPU
		{E2B26BE4-BF3A-4C2F-B1A4-E4B7B2E16771}.Release|Any CPU.Build.0 = Release|Any CPU
		{72C2492E-2B8D-4E4E-8668-3D7C13EA17EA}.Debug|Any CPU.ActiveCfg = Debug|Any CPU
		{72C2492E-2B8D-4E4E-8668-3D7C13EA17EA}.Debug|Any CPU.Build.0 = Debug|Any CPU
		{72C2492E-2B8D-4E4E-8668-3D7C13EA17EA}.Release|Any CPU.ActiveCfg = Release|Any CPU
		{72C2492E-2B8D-4E4E-8668-3D7C13EA17EA}.Release|Any CPU.Build.0 = Release|Any CPU
		{03F5B512-0BE4-4225-9FB4-B6F42D34C85F}.Debug|Any CPU.ActiveCfg = Debug|Any CPU
		{03F5B512-0BE4-4225-9FB4-B6F42D34C85F}.Debug|Any CPU.Build.0 = Debug|Any CPU
		{03F5B512-0BE4-4225-9FB4-B6F42D34C85F}.Release|Any CPU.ActiveCfg = Release|Any CPU
		{03F5B512-0BE4-4225-9FB4-B6F42D34C85F}.Release|Any CPU.Build.0 = Release|Any CPU
		{49A96877-5D44-45CC-86A1-3C3B5C18BDA7}.Debug|Any CPU.ActiveCfg = Debug|Any CPU
		{49A96877-5D44-45CC-86A1-3C3B5C18BDA7}.Debug|Any CPU.Build.0 = Debug|Any CPU
		{49A96877-5D44-45CC-86A1-3C3B5C18BDA7}.Release|Any CPU.ActiveCfg = Release|Any CPU
		{49A96877-5D44-45CC-86A1-3C3B5C18BDA7}.Release|Any CPU.Build.0 = Release|Any CPU
		{12789713-C65E-4FBB-BD15-DEE662D5FD0F}.Debug|Any CPU.ActiveCfg = Debug|Any CPU
		{12789713-C65E-4FBB-BD15-DEE662D5FD0F}.Debug|Any CPU.Build.0 = Debug|Any CPU
		{12789713-C65E-4FBB-BD15-DEE662D5FD0F}.Release|Any CPU.ActiveCfg = Release|Any CPU
		{12789713-C65E-4FBB-BD15-DEE662D5FD0F}.Release|Any CPU.Build.0 = Release|Any CPU
		{B2A44D8E-6501-4845-A6F7-309BA6C843D4}.Debug|Any CPU.ActiveCfg = Debug|Any CPU
		{B2A44D8E-6501-4845-A6F7-309BA6C843D4}.Debug|Any CPU.Build.0 = Debug|Any CPU
		{B2A44D8E-6501-4845-A6F7-309BA6C843D4}.Release|Any CPU.ActiveCfg = Release|Any CPU
		{B2A44D8E-6501-4845-A6F7-309BA6C843D4}.Release|Any CPU.Build.0 = Release|Any CPU
		{77682489-0DC8-4910-A008-D20845DA93A8}.Debug|Any CPU.ActiveCfg = Debug|Any CPU
		{77682489-0DC8-4910-A008-D20845DA93A8}.Debug|Any CPU.Build.0 = Debug|Any CPU
		{77682489-0DC8-4910-A008-D20845DA93A8}.Release|Any CPU.ActiveCfg = Release|Any CPU
		{77682489-0DC8-4910-A008-D20845DA93A8}.Release|Any CPU.Build.0 = Release|Any CPU
		{D15C9764-2DAE-454D-8DF6-34DB672BDCF3}.Debug|Any CPU.ActiveCfg = Debug|Any CPU
		{D15C9764-2DAE-454D-8DF6-34DB672BDCF3}.Debug|Any CPU.Build.0 = Debug|Any CPU
		{D15C9764-2DAE-454D-8DF6-34DB672BDCF3}.Release|Any CPU.ActiveCfg = Release|Any CPU
		{D15C9764-2DAE-454D-8DF6-34DB672BDCF3}.Release|Any CPU.Build.0 = Release|Any CPU
	EndGlobalSection
	GlobalSection(SolutionProperties) = preSolution
		HideSolutionNode = FALSE
	EndGlobalSection
	GlobalSection(ExtensibilityGlobals) = postSolution
		SolutionGuid = {F024A3AF-8FD8-40DA-B26D-89FC17FE5E8A}
	EndGlobalSection
EndGlobal
